# This file is automatically @generated by Cargo.
# It is not intended for manual editing.
version = 4

[[package]]
name = "wana-compositor"
version = "0.1.0"
dependencies = [
 "wana-drm",
 "wana-log",
 "wana-wayland",
]

[[package]]
name = "wana-drm"
version = "0.1.0"
dependencies = [
 "wana-log",
]

[[package]]
name = "wana-init"
version = "0.1.0"
dependencies = [
 "wana-log",
]

[[package]]
name = "wana-input"
version = "0.1.0"
dependencies = [
 "wana-log",
]

[[package]]
name = "wana-log"
version = "0.1.0"

[[package]]
name = "wana-render"
version = "0.1.0"
dependencies = [
 "wana-drm",
 "wana-log",
]

[[package]]
name = "wana-wayland"
version = "0.1.0"
dependencies = [
 "wana-log",
]
