# This file is automatically @generated by Cargo.
# It is not intended for manual editing.
version = 4

[[package]]
name = "wana-client"
version = "0.1.0"
dependencies = [
 "wana-wayland",
]

[[package]]
name = "wana-compositor"
version = "0.1.0"
dependencies = [
 "wana-drm",
 "wana-input",
 "wana-log",
 "wana-render",
 "wana-wayland",
]

[[package]]
name = "wana-control-center"
version = "0.1.0"
dependencies = [
 "wana-client",
 "wana-log",
 "wana-text",
 "wana-theme",
]

[[package]]
name = "wana-drm"
version = "0.1.0"
dependencies = [
 "wana-log",
]

[[package]]
name = "wana-files"
version = "0.1.0"
dependencies = [
 "wana-client",
 "wana-log",
 "wana-text",
 "wana-theme",
]

[[package]]
name = "wana-init"
version = "0.1.0"
dependencies = [
 "wana-log",
]

[[package]]
name = "wana-input"
version = "0.1.0"
dependencies = [
 "wana-log",
]

[[package]]
name = "wana-install"
version = "0.1.0"
dependencies = [
 "wana-log",
]

[[package]]
name = "wana-installer"
version = "0.1.0"
dependencies = [
 "wana-client",
 "wana-log",
 "wana-text",
 "wana-theme",
]

[[package]]
name = "wana-log"
version = "0.1.0"

[[package]]
name = "wana-motion"
version = "0.1.0"

[[package]]
name = "wana-network"
version = "0.1.0"
dependencies = [
 "wana-log",
]

[[package]]
name = "wana-permissions"
version = "0.1.0"
dependencies = [
 "wana-client",
 "wana-log",
 "wana-text",
 "wana-theme",
]

[[package]]
name = "wana-power"
version = "0.1.0"
dependencies = [
 "wana-log",
]

[[package]]
name = "wana-power-ui"
version = "0.1.0"
dependencies = [
 "wana-client",
 "wana-log",
 "wana-text",
 "wana-theme",
]

[[package]]
name = "wana-render"
version = "0.1.0"
dependencies = [
 "wana-drm",
 "wana-log",
]

[[package]]
name = "wana-services"
version = "0.1.0"
dependencies = [
 "wana-log",
]

[[package]]
name = "wana-session"
version = "0.1.0"
dependencies = [
 "wana-log",
 "wana-settings",
]

[[package]]
name = "wana-settings"
version = "0.1.0"
dependencies = [
 "wana-client",
 "wana-log",
 "wana-text",
 "wana-theme",
]

[[package]]
name = "wana-shell"
version = "0.1.0"
dependencies = [
 "wana-client",
 "wana-log",
 "wana-motion",
 "wana-text",
 "wana-theme",
 "wana-wayland",
]

[[package]]
name = "wana-theme"
version = "0.1.0"

[[package]]
name = "wana-text"
version = "0.1.0"
dependencies = [
 "wana-log",
]

[[package]]
name = "wana-update"
version = "0.1.0"
dependencies = [
 "wana-log",
]

[[package]]
name = "wana-wayland"
version = "0.1.0"
dependencies = [
 "wana-log",
]

[[package]]
name = "wana-wl-test"
version = "0.1.0"
dependencies = [
 "wana-client",
 "wana-input",
 "wana-log",
 "wana-render",
 "wana-text",
 "wana-wayland",
]
